
Microsoft Visual Studio Solution File, Format Version 12.00
# Visual Studio Version 17
VisualStudioVersion = 17.2.32630.192
MinimumVisualStudioVersion = 10.0.40219.1
Project("{FAE04EC0-301F-11D3-BF4B-00C04F79EFBC}") = "Tomograff", "Tomograff\Tomograff.csproj", "{DE57CA84-F9E7-434E-B75F-99EB48A2FA1C}"
EndProject
Global
	GlobalSection(SolutionConfigurationPlatforms) = preSolution
		Debug|Any CPU = Debug|Any CPU
		Release|Any CPU = Release|Any CPU
	EndGlobalSection
	GlobalSection(ProjectConfigurationPlatforms) = postSolution
		{DE57CA84-F9E7-434E-B75F-99EB48A2FA1C}.Debug|Any CPU.ActiveCfg = Debug|Any CPU
		{DE57CA84-F9E7-434E-B75F-99EB48A2FA1C}.Debug|Any CPU.Build.0 = Debug|Any CPU
		{DE57CA84-F9E7-434E-B75F-99EB48A2FA1C}.Release|Any CPU.ActiveCfg = Release|Any CPU
		{DE57CA84-F9E7-434E-B75F-99EB48A2FA1C}.Release|Any CPU.Build.0 = Release|Any CPU
	EndGlobalSection
	GlobalSection(SolutionProperties) = preSolution
		HideSolutionNode = FALSE
	EndGlobalSection
	GlobalSection(ExtensibilityGlobals) = postSolution
		SolutionGuid = {D9A952CE-4257-44EA-B898-76996D1FDD8B}
	EndGlobalSection
EndGlobal
